{
  "version": 4,
  "terraform_version": "1.7.4",
  "serial": 3,
  "lineage": "471ed447-6f42-59a1-7f6b-48297ce148fa",
  "outputs": {
    "role_assignment_id": {
      "value": {
        "Contributor": {
          "condition": "",
          "condition_version": "",
          "delegated_managed_identity_resource_id": "",
          "description": "",
          "id": "/subscriptions/9b28bd6c-83d4-4721-b1e9-cec8810ab5f9/resourcegroups/rg-terratesting-qa/providers/Microsoft.ContainerService/managedClusters/aks-qa-cus-es-tfpoc/providers/Microsoft.Authorization/roleAssignments/1e55f2ab-c309-733d-2be2-7c86e2560a83",
          "name": "1e55f2ab-c309-733d-2be2-7c86e2560a83",
          "principal_id": "477b7696-9a29-4e23-819d-c225e2f0ff26",
          "principal_type": "User",
          "role_definition_id": "/subscriptions/9b28bd6c-83d4-4721-b1e9-cec8810ab5f9/providers/Microsoft.Authorization/roleDefinitions/b24988ac-6180-42a0-ab88-20f7382dd24c",
          "role_definition_name": "Contributor",
          "scope": "/subscriptions/9b28bd6c-83d4-4721-b1e9-cec8810ab5f9/resourcegroups/rg-terratesting-qa/providers/Microsoft.ContainerService/managedClusters/aks-qa-cus-es-tfpoc",
          "skip_service_principal_aad_check": null,
          "timeouts": null
        },
        "Reader": {
          "condition": "",
          "condition_version": "",
          "delegated_managed_identity_resource_id": "",
          "description": "",
          "id": "/subscriptions/9b28bd6c-83d4-4721-b1e9-cec8810ab5f9/resourcegroups/rg-terratesting-qa/providers/Microsoft.ContainerService/managedClusters/aks-qa-cus-es-tfpoc/providers/Microsoft.Authorization/roleAssignments/dea2dfdd-a6a0-e530-9220-fc19a9ca71c4",
          "name": "dea2dfdd-a6a0-e530-9220-fc19a9ca71c4",
          "principal_id": "477b7696-9a29-4e23-819d-c225e2f0ff26",
          "principal_type": "User",
          "role_definition_id": "/subscriptions/9b28bd6c-83d4-4721-b1e9-cec8810ab5f9/providers/Microsoft.Authorization/roleDefinitions/acdd72a7-3385-48ef-bd42-f606fba81ae7",
          "role_definition_name": "Reader",
          "scope": "/subscriptions/9b28bd6c-83d4-4721-b1e9-cec8810ab5f9/resourcegroups/rg-terratesting-qa/providers/Microsoft.ContainerService/managedClusters/aks-qa-cus-es-tfpoc",
          "skip_service_principal_aad_check": null,
          "timeouts": null
        }
      },
      "type": [
        "object",
        {
          "Contributor": [
            "object",
            {
              "condition": "string",
              "condition_version": "string",
              "delegated_managed_identity_resource_id": "string",
              "description": "string",
              "id": "string",
              "name": "string",
              "principal_id": "string",
              "principal_type": "string",
              "role_definition_id": "string",
              "role_definition_name": "string",
              "scope": "string",
              "skip_service_principal_aad_check": "bool",
              "timeouts": [
                "object",
                {
                  "create": "string",
                  "delete": "string",
                  "read": "string"
                }
              ]
            }
          ],
          "Reader": [
            "object",
            {
              "condition": "string",
              "condition_version": "string",
              "delegated_managed_identity_resource_id": "string",
              "description": "string",
              "id": "string",
              "name": "string",
              "principal_id": "string",
              "principal_type": "string",
              "role_definition_id": "string",
              "role_definition_name": "string",
              "scope": "string",
              "skip_service_principal_aad_check": "bool",
              "timeouts": [
                "object",
                {
                  "create": "string",
                  "delete": "string",
                  "read": "string"
                }
              ]
            }
          ]
        }
      ]
    }
  },
  "resources": [
    {
      "mode": "managed",
      "type": "azurerm_role_assignment",
      "name": "iam",
      "provider": "provider[\"registry.terraform.io/hashicorp/azurerm\"]",
      "instances": [
        {
          "index_key": "Contributor",
          "schema_version": 0,
          "attributes": {
            "condition": "",
            "condition_version": "",
            "delegated_managed_identity_resource_id": "",
            "description": "",
            "id": "/subscriptions/9b28bd6c-83d4-4721-b1e9-cec8810ab5f9/resourcegroups/rg-terratesting-qa/providers/Microsoft.ContainerService/managedClusters/aks-qa-cus-es-tfpoc/providers/Microsoft.Authorization/roleAssignments/1e55f2ab-c309-733d-2be2-7c86e2560a83",
            "name": "1e55f2ab-c309-733d-2be2-7c86e2560a83",
            "principal_id": "477b7696-9a29-4e23-819d-c225e2f0ff26",
            "principal_type": "User",
            "role_definition_id": "/subscriptions/9b28bd6c-83d4-4721-b1e9-cec8810ab5f9/providers/Microsoft.Authorization/roleDefinitions/b24988ac-6180-42a0-ab88-20f7382dd24c",
            "role_definition_name": "Contributor",
            "scope": "/subscriptions/9b28bd6c-83d4-4721-b1e9-cec8810ab5f9/resourcegroups/rg-terratesting-qa/providers/Microsoft.ContainerService/managedClusters/aks-qa-cus-es-tfpoc",
            "skip_service_principal_aad_check": null,
            "timeouts": null
          },
          "sensitive_attributes": [],
          "private": "eyJlMmJmYjczMC1lY2FhLTExZTYtOGY4OC0zNDM2M2JjN2M0YzAiOnsiY3JlYXRlIjoxODAwMDAwMDAwMDAwLCJkZWxldGUiOjE4MDAwMDAwMDAwMDAsInJlYWQiOjMwMDAwMDAwMDAwMH19"
        },
        {
          "index_key": "Reader",
          "schema_version": 0,
          "attributes": {
            "condition": "",
            "condition_version": "",
            "delegated_managed_identity_resource_id": "",
            "description": "",
            "id": "/subscriptions/9b28bd6c-83d4-4721-b1e9-cec8810ab5f9/resourcegroups/rg-terratesting-qa/providers/Microsoft.ContainerService/managedClusters/aks-qa-cus-es-tfpoc/providers/Microsoft.Authorization/roleAssignments/dea2dfdd-a6a0-e530-9220-fc19a9ca71c4",
            "name": "dea2dfdd-a6a0-e530-9220-fc19a9ca71c4",
            "principal_id": "477b7696-9a29-4e23-819d-c225e2f0ff26",
            "principal_type": "User",
            "role_definition_id": "/subscriptions/9b28bd6c-83d4-4721-b1e9-cec8810ab5f9/providers/Microsoft.Authorization/roleDefinitions/acdd72a7-3385-48ef-bd42-f606fba81ae7",
            "role_definition_name": "Reader",
            "scope": "/subscriptions/9b28bd6c-83d4-4721-b1e9-cec8810ab5f9/resourcegroups/rg-terratesting-qa/providers/Microsoft.ContainerService/managedClusters/aks-qa-cus-es-tfpoc",
            "skip_service_principal_aad_check": null,
            "timeouts": null
          },
          "sensitive_attributes": [],
          "private": "eyJlMmJmYjczMC1lY2FhLTExZTYtOGY4OC0zNDM2M2JjN2M0YzAiOnsiY3JlYXRlIjoxODAwMDAwMDAwMDAwLCJkZWxldGUiOjE4MDAwMDAwMDAwMDAsInJlYWQiOjMwMDAwMDAwMDAwMH19"
        }
      ]
    }
  ],
  "check_results": null
}
